// !$*UTF8*$!
{
	archiveVersion = 1;
	classes = {
	};
	objectVersion = 56;
	objects = {

/* Begin PBXBuildFile section */
		F32835082DE450FD00BF4F80 /* CUViewModel.swift in Sources */ = {isa = PBXBuildFile; fileRef = F32835072DE450FD00BF4F80 /* CUViewModel.swift */; };
		F328350A2DE4526B00BF4F80 /* SevenElevenViewModel.swift in Sources */ = {isa = PBXBuildFile; fileRef = F32835092DE4526B00BF4F80 /* SevenElevenViewModel.swift */; };
		F36E47E22DE5854F0033285C /* ProductDetailView.swift in Sources */ = {isa = PBXBuildFile; fileRef = F36E47E12DE5854F0033285C /* ProductDetailView.swift */; };
		F36E47E42DE5BE9B0033285C /* FavoriteProduct.swift in Sources */ = {isa = PBXBuildFile; fileRef = F36E47E32DE5BE9B0033285C /* FavoriteProduct.swift */; };
		F81B6C6C2DC934AE00D88C13 /* Product.swift in Sources */ = {isa = PBXBuildFile; fileRef = F81B6C6B2DC934AE00D88C13 /* Product.swift */; };
		F8227B202DC76F9F00C8EB21 /* SaleWarApp.swift in Sources */ = {isa = PBXBuildFile; fileRef = F8227B1F2DC76F9F00C8EB21 /* SaleWarApp.swift */; };
		F8227B222DC76F9F00C8EB21 /* ContentView.swift in Sources */ = {isa = PBXBuildFile; fileRef = F8227B212DC76F9F00C8EB21 /* ContentView.swift */; };
		F8227B242DC76F9F00C8EB21 /* Assets.xcassets in Resources */ = {isa = PBXBuildFile; fileRef = F8227B232DC76F9F00C8EB21 /* Assets.xcassets */; };
		F8227B272DC76F9F00C8EB21 /* Preview Assets.xcassets in Resources */ = {isa = PBXBuildFile; fileRef = F8227B262DC76F9F00C8EB21 /* Preview Assets.xcassets */; };
		F8227B312DC76FA000C8EB21 /* SaleWarTests.swift in Sources */ = {isa = PBXBuildFile; fileRef = F8227B302DC76FA000C8EB21 /* SaleWarTests.swift */; };
		F8227B3B2DC76FA000C8EB21 /* SaleWarUITests.swift in Sources */ = {isa = PBXBuildFile; fileRef = F8227B3A2DC76FA000C8EB21 /* SaleWarUITests.swift */; };
		F8227B3D2DC76FA000C8EB21 /* SaleWarUITestsLaunchTests.swift in Sources */ = {isa = PBXBuildFile; fileRef = F8227B3C2DC76FA000C8EB21 /* SaleWarUITestsLaunchTests.swift */; };
		F8227B4C2DC7838E00C8EB21 /* GS25View.swift in Sources */ = {isa = PBXBuildFile; fileRef = F8227B4B2DC7838E00C8EB21 /* GS25View.swift */; };
		F8227B4E2DC783C200C8EB21 /* CUView.swift in Sources */ = {isa = PBXBuildFile; fileRef = F8227B4D2DC783C200C8EB21 /* CUView.swift */; };
		F8227B502DC794E200C8EB21 /* SevenElevenView.swift in Sources */ = {isa = PBXBuildFile; fileRef = F8227B4F2DC794E200C8EB21 /* SevenElevenView.swift */; };
		F8227B532DC79AB100C8EB21 /* SaleWarSearchBar.swift in Sources */ = {isa = PBXBuildFile; fileRef = F8227B522DC79AB100C8EB21 /* SaleWarSearchBar.swift */; };
		F8227B552DC79ACC00C8EB21 /* BaseBackgroundView.swift in Sources */ = {isa = PBXBuildFile; fileRef = F8227B542DC79ACC00C8EB21 /* BaseBackgroundView.swift */; };
		F8227B572DC7A3EB00C8EB21 /* SaleWarTitleBar.swift in Sources */ = {isa = PBXBuildFile; fileRef = F8227B562DC7A3EB00C8EB21 /* SaleWarTitleBar.swift */; };
		F838446D2DC8EFDA0089F869 /* AppViewModel.swift in Sources */ = {isa = PBXBuildFile; fileRef = F838446C2DC8EFDA0089F869 /* AppViewModel.swift */; };
		F83844712DC8F4140089F869 /* vo.swift in Sources */ = {isa = PBXBuildFile; fileRef = F83844702DC8F4140089F869 /* vo.swift */; };
		F83844732DC8F83E0089F869 /* BaseView.swift in Sources */ = {isa = PBXBuildFile; fileRef = F83844722DC8F83E0089F869 /* BaseView.swift */; };
		F83844752DC905780089F869 /* GS25ViewModel.swift in Sources */ = {isa = PBXBuildFile; fileRef = F83844742DC905780089F869 /* GS25ViewModel.swift */; };
		F87A41FC2DCA26E800EE0FAE /* RealmSwift in Frameworks */ = {isa = PBXBuildFile; productRef = F87A41FB2DCA26E800EE0FAE /* RealmSwift */; };
		F87A41FD2DCA26E800EE0FAE /* RealmSwift in Embed Frameworks */ = {isa = PBXBuildFile; productRef = F87A41FB2DCA26E800EE0FAE /* RealmSwift */; settings = {ATTRIBUTES = (CodeSignOnCopy, ); }; };
		F87A41FF2DCA2ADA00EE0FAE /* LastFectchInfo.swift in Sources */ = {isa = PBXBuildFile; fileRef = F87A41FE2DCA2ADA00EE0FAE /* LastFectchInfo.swift */; };
		F87A42022DCA3DF900EE0FAE /* Constant.swift in Sources */ = {isa = PBXBuildFile; fileRef = F87A42012DCA3DF900EE0FAE /* Constant.swift */; };
		F87A42042DCA466A00EE0FAE /* BaseViewModel.swift in Sources */ = {isa = PBXBuildFile; fileRef = F87A42032DCA466A00EE0FAE /* BaseViewModel.swift */; };
		F8B369232DC92D500039A952 /* RealmManager.swift in Sources */ = {isa = PBXBuildFile; fileRef = F8B369222DC92D500039A952 /* RealmManager.swift */; };
		F8C484EA2DE2138C00C0738D /* ProductGridItem.swift in Sources */ = {isa = PBXBuildFile; fileRef = F8C484E92DE2138C00C0738D /* ProductGridItem.swift */; };
		F8D4CE872DF2FB93001DB1DE /* FavoriteProductList.swift in Sources */ = {isa = PBXBuildFile; fileRef = F8D4CE862DF2FB93001DB1DE /* FavoriteProductList.swift */; };
		F8E173F42DF37E2A0057AE74 /* LaunchScreen.storyboard in Resources */ = {isa = PBXBuildFile; fileRef = F8E173F32DF37E2A0057AE74 /* LaunchScreen.storyboard */; };
/* End PBXBuildFile section */

/* Begin PBXContainerItemProxy section */
		F8227B2D2DC76FA000C8EB21 /* PBXContainerItemProxy */ = {
			isa = PBXContainerItemProxy;
			containerPortal = F8227B142DC76F9E00C8EB21 /* Project object */;
			proxyType = 1;
			remoteGlobalIDString = F8227B1B2DC76F9E00C8EB21;
			remoteInfo = SaleWar;
		};
		F8227B372DC76FA000C8EB21 /* PBXContainerItemProxy */ = {
			isa = PBXContainerItemProxy;
			containerPortal = F8227B142DC76F9E00C8EB21 /* Project object */;
			proxyType = 1;
			remoteGlobalIDString = F8227B1B2DC76F9E00C8EB21;
			remoteInfo = SaleWar;
		};
/* End PBXContainerItemProxy section */

/* Begin PBXCopyFilesBuildPhase section */
		F81B6C742DC938A300D88C13 /* Embed Frameworks */ = {
			isa = PBXCopyFilesBuildPhase;
			buildActionMask = 2147483647;
			dstPath = "";
			dstSubfolderSpec = 10;
			files = (
				F87A41FD2DCA26E800EE0FAE /* RealmSwift in Embed Frameworks */,
			);
			name = "Embed Frameworks";
			runOnlyForDeploymentPostprocessing = 0;
		};
/* End PBXCopyFilesBuildPhase section */

/* Begin PBXFileReference section */
		F32835072DE450FD00BF4F80 /* CUViewModel.swift */ = {isa = PBXFileReference; lastKnownFileType = sourcecode.swift; path = CUViewModel.swift; sourceTree = "<group>"; };
		F32835092DE4526B00BF4F80 /* SevenElevenViewModel.swift */ = {isa = PBXFileReference; lastKnownFileType = sourcecode.swift; path = SevenElevenViewModel.swift; sourceTree = "<group>"; };
		F36E47E12DE5854F0033285C /* ProductDetailView.swift */ = {isa = PBXFileReference; lastKnownFileType = sourcecode.swift; path = ProductDetailView.swift; sourceTree = "<group>"; };
		F36E47E32DE5BE9B0033285C /* FavoriteProduct.swift */ = {isa = PBXFileReference; lastKnownFileType = sourcecode.swift; path = FavoriteProduct.swift; sourceTree = "<group>"; };
		F81B6C6B2DC934AE00D88C13 /* Product.swift */ = {isa = PBXFileReference; lastKnownFileType = sourcecode.swift; path = Product.swift; sourceTree = "<group>"; };
		F8227B1C2DC76F9F00C8EB21 /* SaleWar.app */ = {isa = PBXFileReference; explicitFileType = wrapper.application; includeInIndex = 0; path = SaleWar.app; sourceTree = BUILT_PRODUCTS_DIR; };
		F8227B1F2DC76F9F00C8EB21 /* SaleWarApp.swift */ = {isa = PBXFileReference; lastKnownFileType = sourcecode.swift; path = SaleWarApp.swift; sourceTree = "<group>"; };
		F8227B212DC76F9F00C8EB21 /* ContentView.swift */ = {isa = PBXFileReference; lastKnownFileType = sourcecode.swift; path = ContentView.swift; sourceTree = "<group>"; };
		F8227B232DC76F9F00C8EB21 /* Assets.xcassets */ = {isa = PBXFileReference; lastKnownFileType = folder.assetcatalog; path = Assets.xcassets; sourceTree = "<group>"; };
		F8227B262DC76F9F00C8EB21 /* Preview Assets.xcassets */ = {isa = PBXFileReference; lastKnownFileType = folder.assetcatalog; path = "Preview Assets.xcassets"; sourceTree = "<group>"; };
		F8227B2C2DC76FA000C8EB21 /* SaleWarTests.xctest */ = {isa = PBXFileReference; explicitFileType = wrapper.cfbundle; includeInIndex = 0; path = SaleWarTests.xctest; sourceTree = BUILT_PRODUCTS_DIR; };
		F8227B302DC76FA000C8EB21 /* SaleWarTests.swift */ = {isa = PBXFileReference; lastKnownFileType = sourcecode.swift; path = SaleWarTests.swift; sourceTree = "<group>"; };
		F8227B362DC76FA000C8EB21 /* SaleWarUITests.xctest */ = {isa = PBXFileReference; explicitFileType = wrapper.cfbundle; includeInIndex = 0; path = SaleWarUITests.xctest; sourceTree = BUILT_PRODUCTS_DIR; };
		F8227B3A2DC76FA000C8EB21 /* SaleWarUITests.swift */ = {isa = PBXFileReference; lastKnownFileType = sourcecode.swift; path = SaleWarUITests.swift; sourceTree = "<group>"; };
		F8227B3C2DC76FA000C8EB21 /* SaleWarUITestsLaunchTests.swift */ = {isa = PBXFileReference; lastKnownFileType = sourcecode.swift; path = SaleWarUITestsLaunchTests.swift; sourceTree = "<group>"; };
		F8227B4B2DC7838E00C8EB21 /* GS25View.swift */ = {isa = PBXFileReference; lastKnownFileType = sourcecode.swift; path = GS25View.swift; sourceTree = "<group>"; };
		F8227B4D2DC783C200C8EB21 /* CUView.swift */ = {isa = PBXFileReference; lastKnownFileType = sourcecode.swift; path = CUView.swift; sourceTree = "<group>"; };
		F8227B4F2DC794E200C8EB21 /* SevenElevenView.swift */ = {isa = PBXFileReference; lastKnownFileType = sourcecode.swift; path = SevenElevenView.swift; sourceTree = "<group>"; };
		F8227B522DC79AB100C8EB21 /* SaleWarSearchBar.swift */ = {isa = PBXFileReference; lastKnownFileType = sourcecode.swift; path = SaleWarSearchBar.swift; sourceTree = "<group>"; };
		F8227B542DC79ACC00C8EB21 /* BaseBackgroundView.swift */ = {isa = PBXFileReference; lastKnownFileType = sourcecode.swift; path = BaseBackgroundView.swift; sourceTree = "<group>"; };
		F8227B562DC7A3EB00C8EB21 /* SaleWarTitleBar.swift */ = {isa = PBXFileReference; lastKnownFileType = sourcecode.swift; path = SaleWarTitleBar.swift; sourceTree = "<group>"; };
		F838446C2DC8EFDA0089F869 /* AppViewModel.swift */ = {isa = PBXFileReference; lastKnownFileType = sourcecode.swift; path = AppViewModel.swift; sourceTree = "<group>"; };
		F83844702DC8F4140089F869 /* vo.swift */ = {isa = PBXFileReference; lastKnownFileType = sourcecode.swift; path = vo.swift; sourceTree = "<group>"; };
		F83844722DC8F83E0089F869 /* BaseView.swift */ = {isa = PBXFileReference; lastKnownFileType = sourcecode.swift; path = BaseView.swift; sourceTree = "<group>"; };
		F83844742DC905780089F869 /* GS25ViewModel.swift */ = {isa = PBXFileReference; lastKnownFileType = sourcecode.swift; path = GS25ViewModel.swift; sourceTree = "<group>"; };
		F87A41FE2DCA2ADA00EE0FAE /* LastFectchInfo.swift */ = {isa = PBXFileReference; lastKnownFileType = sourcecode.swift; path = LastFectchInfo.swift; sourceTree = "<group>"; };
		F87A42012DCA3DF900EE0FAE /* Constant.swift */ = {isa = PBXFileReference; lastKnownFileType = sourcecode.swift; path = Constant.swift; sourceTree = "<group>"; };
		F87A42032DCA466A00EE0FAE /* BaseViewModel.swift */ = {isa = PBXFileReference; lastKnownFileType = sourcecode.swift; path = BaseViewModel.swift; sourceTree = "<group>"; };
		F8B369222DC92D500039A952 /* RealmManager.swift */ = {isa = PBXFileReference; lastKnownFileType = sourcecode.swift; path = RealmManager.swift; sourceTree = "<group>"; };
		F8C484E92DE2138C00C0738D /* ProductGridItem.swift */ = {isa = PBXFileReference; lastKnownFileType = sourcecode.swift; path = ProductGridItem.swift; sourceTree = "<group>"; };
		F8D4CE862DF2FB93001DB1DE /* FavoriteProductList.swift */ = {isa = PBXFileReference; lastKnownFileType = sourcecode.swift; path = FavoriteProductList.swift; sourceTree = "<group>"; };
		F8E173F32DF37E2A0057AE74 /* LaunchScreen.storyboard */ = {isa = PBXFileReference; lastKnownFileType = file.storyboard; path = LaunchScreen.storyboard; sourceTree = "<group>"; };
		F8E173F52DF380200057AE74 /* Info.plist */ = {isa = PBXFileReference; lastKnownFileType = text.plist; path = Info.plist; sourceTree = "<group>"; };
/* End PBXFileReference section */

/* Begin PBXFrameworksBuildPhase section */
		F8227B192DC76F9E00C8EB21 /* Frameworks */ = {
			isa = PBXFrameworksBuildPhase;
			buildActionMask = 2147483647;
			files = (
				F87A41FC2DCA26E800EE0FAE /* RealmSwift in Frameworks */,
			);
			runOnlyForDeploymentPostprocessing = 0;
		};
		F8227B292DC76FA000C8EB21 /* Frameworks */ = {
			isa = PBXFrameworksBuildPhase;
			buildActionMask = 2147483647;
			files = (
			);
			runOnlyForDeploymentPostprocessing = 0;
		};
		F8227B332DC76FA000C8EB21 /* Frameworks */ = {
			isa = PBXFrameworksBuildPhase;
			buildActionMask = 2147483647;
			files = (
			);
			runOnlyForDeploymentPostprocessing = 0;
		};
/* End PBXFrameworksBuildPhase section */

/* Begin PBXGroup section */
		F81B6C6A2DC9348A00D88C13 /* Entity */ = {
			isa = PBXGroup;
			children = (
				F81B6C6B2DC934AE00D88C13 /* Product.swift */,
				F87A41FE2DCA2ADA00EE0FAE /* LastFectchInfo.swift */,
				F36E47E32DE5BE9B0033285C /* FavoriteProduct.swift */,
			);
			path = Entity;
			sourceTree = "<group>";
		};
		F8227B132DC76F9E00C8EB21 = {
			isa = PBXGroup;
			children = (
				F8227B1E2DC76F9F00C8EB21 /* SaleWar */,
				F8227B2F2DC76FA000C8EB21 /* SaleWarTests */,
				F8227B392DC76FA000C8EB21 /* SaleWarUITests */,
				F8227B1D2DC76F9F00C8EB21 /* Products */,
				F8B369252DC92E860039A952 /* Frameworks */,
			);
			sourceTree = "<group>";
		};
		F8227B1D2DC76F9F00C8EB21 /* Products */ = {
			isa = PBXGroup;
			children = (
				F8227B1C2DC76F9F00C8EB21 /* SaleWar.app */,
				F8227B2C2DC76FA000C8EB21 /* SaleWarTests.xctest */,
				F8227B362DC76FA000C8EB21 /* SaleWarUITests.xctest */,
			);
			name = Products;
			sourceTree = "<group>";
		};
		F8227B1E2DC76F9F00C8EB21 /* SaleWar */ = {
			isa = PBXGroup;
			children = (
				F8E173F52DF380200057AE74 /* Info.plist */,
				F87A42002DCA3DEB00EE0FAE /* Constant */,
				F838446F2DC8F3E70089F869 /* Data */,
				F8227B4A2DC7836F00C8EB21 /* Views */,
				F8227B492DC781D500C8EB21 /* ViewModels */,
				F8227B1F2DC76F9F00C8EB21 /* SaleWarApp.swift */,
				F8E173F32DF37E2A0057AE74 /* LaunchScreen.storyboard */,
				F8227B232DC76F9F00C8EB21 /* Assets.xcassets */,
				F8227B252DC76F9F00C8EB21 /* Preview Content */,
			);
			path = SaleWar;
			sourceTree = "<group>";
		};
		F8227B252DC76F9F00C8EB21 /* Preview Content */ = {
			isa = PBXGroup;
			children = (
				F8227B262DC76F9F00C8EB21 /* Preview Assets.xcassets */,
			);
			path = "Preview Content";
			sourceTree = "<group>";
		};
		F8227B2F2DC76FA000C8EB21 /* SaleWarTests */ = {
			isa = PBXGroup;
			children = (
				F8227B302DC76FA000C8EB21 /* SaleWarTests.swift */,
			);
			path = SaleWarTests;
			sourceTree = "<group>";
		};
		F8227B392DC76FA000C8EB21 /* SaleWarUITests */ = {
			isa = PBXGroup;
			children = (
				F8227B3A2DC76FA000C8EB21 /* SaleWarUITests.swift */,
				F8227B3C2DC76FA000C8EB21 /* SaleWarUITestsLaunchTests.swift */,
			);
			path = SaleWarUITests;
			sourceTree = "<group>";
		};
		F8227B492DC781D500C8EB21 /* ViewModels */ = {
			isa = PBXGroup;
			children = (
				F838446C2DC8EFDA0089F869 /* AppViewModel.swift */,
				F83844742DC905780089F869 /* GS25ViewModel.swift */,
				F87A42032DCA466A00EE0FAE /* BaseViewModel.swift */,
				F32835072DE450FD00BF4F80 /* CUViewModel.swift */,
				F32835092DE4526B00BF4F80 /* SevenElevenViewModel.swift */,
			);
			path = ViewModels;
			sourceTree = "<group>";
		};
		F8227B4A2DC7836F00C8EB21 /* Views */ = {
			isa = PBXGroup;
			children = (
				F8227B512DC79A9000C8EB21 /* Common */,
				F8227B4B2DC7838E00C8EB21 /* GS25View.swift */,
				F8227B4D2DC783C200C8EB21 /* CUView.swift */,
				F8227B4F2DC794E200C8EB21 /* SevenElevenView.swift */,
			);
			path = Views;
			sourceTree = "<group>";
		};
		F8227B512DC79A9000C8EB21 /* Common */ = {
			isa = PBXGroup;
			children = (
				F8227B522DC79AB100C8EB21 /* SaleWarSearchBar.swift */,
				F8227B542DC79ACC00C8EB21 /* BaseBackgroundView.swift */,
				F8227B562DC7A3EB00C8EB21 /* SaleWarTitleBar.swift */,
				F83844722DC8F83E0089F869 /* BaseView.swift */,
				F8C484E92DE2138C00C0738D /* ProductGridItem.swift */,
				F36E47E12DE5854F0033285C /* ProductDetailView.swift */,
				F8D4CE862DF2FB93001DB1DE /* FavoriteProductList.swift */,
				F8227B212DC76F9F00C8EB21 /* ContentView.swift */,
			);
			path = Common;
			sourceTree = "<group>";
		};
		F838446F2DC8F3E70089F869 /* Data */ = {
			isa = PBXGroup;
			children = (
				F8B369212DC92D400039A952 /* Realm */,
				F83844702DC8F4140089F869 /* vo.swift */,
			);
			path = Data;
			sourceTree = "<group>";
		};
		F87A42002DCA3DEB00EE0FAE /* Constant */ = {
			isa = PBXGroup;
			children = (
				F87A42012DCA3DF900EE0FAE /* Constant.swift */,
			);
			path = Constant;
			sourceTree = "<group>";
		};
		F8B369212DC92D400039A952 /* Realm */ = {
			isa = PBXGroup;
			children = (
				F81B6C6A2DC9348A00D88C13 /* Entity */,
				F8B369222DC92D500039A952 /* RealmManager.swift */,
			);
			path = Realm;
			sourceTree = "<group>";
		};
		F8B369252DC92E860039A952 /* Frameworks */ = {
			isa = PBXGroup;
			children = (
			);
			name = Frameworks;
			sourceTree = "<group>";
		};
/* End PBXGroup section */

/* Begin PBXNativeTarget section */
		F8227B1B2DC76F9E00C8EB21 /* SaleWar */ = {
			isa = PBXNativeTarget;
			buildConfigurationList = F8227B402DC76FA000C8EB21 /* Build configuration list for PBXNativeTarget "SaleWar" */;
			buildPhases = (
				F8227B182DC76F9E00C8EB21 /* Sources */,
				F8227B192DC76F9E00C8EB21 /* Frameworks */,
				F8227B1A2DC76F9E00C8EB21 /* Resources */,
				F81B6C742DC938A300D88C13 /* Embed Frameworks */,
			);
			buildRules = (
			);
			dependencies = (
			);
			name = SaleWar;
			packageProductDependencies = (
				F87A41FB2DCA26E800EE0FAE /* RealmSwift */,
			);
			productName = SaleWar;
			productReference = F8227B1C2DC76F9F00C8EB21 /* SaleWar.app */;
			productType = "com.apple.product-type.application";
		};
		F8227B2B2DC76FA000C8EB21 /* SaleWarTests */ = {
			isa = PBXNativeTarget;
			buildConfigurationList = F8227B432DC76FA000C8EB21 /* Build configuration list for PBXNativeTarget "SaleWarTests" */;
			buildPhases = (
				F8227B282DC76FA000C8EB21 /* Sources */,
				F8227B292DC76FA000C8EB21 /* Frameworks */,
				F8227B2A2DC76FA000C8EB21 /* Resources */,
			);
			buildRules = (
			);
			dependencies = (
				F8227B2E2DC76FA000C8EB21 /* PBXTargetDependency */,
			);
			name = SaleWarTests;
			productName = SaleWarTests;
			productReference = F8227B2C2DC76FA000C8EB21 /* SaleWarTests.xctest */;
			productType = "com.apple.product-type.bundle.unit-test";
		};
		F8227B352DC76FA000C8EB21 /* SaleWarUITests */ = {
			isa = PBXNativeTarget;
			buildConfigurationList = F8227B462DC76FA000C8EB21 /* Build configuration list for PBXNativeTarget "SaleWarUITests" */;
			buildPhases = (
				F8227B322DC76FA000C8EB21 /* Sources */,
				F8227B332DC76FA000C8EB21 /* Frameworks */,
				F8227B342DC76FA000C8EB21 /* Resources */,
			);
			buildRules = (
			);
			dependencies = (
				F8227B382DC76FA000C8EB21 /* PBXTargetDependency */,
			);
			name = SaleWarUITests;
			productName = SaleWarUITests;
			productReference = F8227B362DC76FA000C8EB21 /* SaleWarUITests.xctest */;
			productType = "com.apple.product-type.bundle.ui-testing";
		};
/* End PBXNativeTarget section */

/* Begin PBXProject section */
		F8227B142DC76F9E00C8EB21 /* Project object */ = {
			isa = PBXProject;
			attributes = {
				BuildIndependentTargetsInParallel = 1;
				LastSwiftUpdateCheck = 1500;
				LastUpgradeCheck = 1500;
				TargetAttributes = {
					F8227B1B2DC76F9E00C8EB21 = {
						CreatedOnToolsVersion = 15.0.1;
					};
					F8227B2B2DC76FA000C8EB21 = {
						CreatedOnToolsVersion = 15.0.1;
						TestTargetID = F8227B1B2DC76F9E00C8EB21;
					};
					F8227B352DC76FA000C8EB21 = {
						CreatedOnToolsVersion = 15.0.1;
						TestTargetID = F8227B1B2DC76F9E00C8EB21;
					};
				};
			};
			buildConfigurationList = F8227B172DC76F9E00C8EB21 /* Build configuration list for PBXProject "SaleWar" */;
			compatibilityVersion = "Xcode 14.0";
			developmentRegion = en;
			hasScannedForEncodings = 0;
			knownRegions = (
				en,
				Base,
			);
			mainGroup = F8227B132DC76F9E00C8EB21;
			packageReferences = (
				F87A41F72DCA26DE00EE0FAE /* XCRemoteSwiftPackageReference "realm-swift" */,
			);
			productRefGroup = F8227B1D2DC76F9F00C8EB21 /* Products */;
			projectDirPath = "";
			projectRoot = "";
			targets = (
				F8227B1B2DC76F9E00C8EB21 /* SaleWar */,
				F8227B2B2DC76FA000C8EB21 /* SaleWarTests */,
				F8227B352DC76FA000C8EB21 /* SaleWarUITests */,
			);
		};
/* End PBXProject section */

/* Begin PBXResourcesBuildPhase section */
		F8227B1A2DC76F9E00C8EB21 /* Resources */ = {
			isa = PBXResourcesBuildPhase;
			buildActionMask = 2147483647;
			files = (
				F8E173F42DF37E2A0057AE74 /* LaunchScreen.storyboard in Resources */,
				F8227B272DC76F9F00C8EB21 /* Preview Assets.xcassets in Resources */,
				F8227B242DC76F9F00C8EB21 /* Assets.xcassets in Resources */,
			);
			runOnlyForDeploymentPostprocessing = 0;
		};
		F8227B2A2DC76FA000C8EB21 /* Resources */ = {
			isa = PBXResourcesBuildPhase;
			buildActionMask = 2147483647;
			files = (
			);
			runOnlyForDeploymentPostprocessing = 0;
		};
		F8227B342DC76FA000C8EB21 /* Resources */ = {
			isa = PBXResourcesBuildPhase;
			buildActionMask = 2147483647;
			files = (
			);
			runOnlyForDeploymentPostprocessing = 0;
		};
/* End PBXResourcesBuildPhase section */

/* Begin PBXSourcesBuildPhase section */
		F8227B182DC76F9E00C8EB21 /* Sources */ = {
			isa = PBXSourcesBuildPhase;
			buildActionMask = 2147483647;
			files = (
				F32835082DE450FD00BF4F80 /* CUViewModel.swift in Sources */,
				F8C484EA2DE2138C00C0738D /* ProductGridItem.swift in Sources */,
				F8B369232DC92D500039A952 /* RealmManager.swift in Sources */,
				F8227B572DC7A3EB00C8EB21 /* SaleWarTitleBar.swift in Sources */,
				F87A42042DCA466A00EE0FAE /* BaseViewModel.swift in Sources */,
				F328350A2DE4526B00BF4F80 /* SevenElevenViewModel.swift in Sources */,
				F8227B4C2DC7838E00C8EB21 /* GS25View.swift in Sources */,
				F87A42022DCA3DF900EE0FAE /* Constant.swift in Sources */,
				F36E47E22DE5854F0033285C /* ProductDetailView.swift in Sources */,
				F83844712DC8F4140089F869 /* vo.swift in Sources */,
				F83844752DC905780089F869 /* GS25ViewModel.swift in Sources */,
				F838446D2DC8EFDA0089F869 /* AppViewModel.swift in Sources */,
				F8227B532DC79AB100C8EB21 /* SaleWarSearchBar.swift in Sources */,
				F87A41FF2DCA2ADA00EE0FAE /* LastFectchInfo.swift in Sources */,
				F8227B222DC76F9F00C8EB21 /* ContentView.swift in Sources */,
				F8227B4E2DC783C200C8EB21 /* CUView.swift in Sources */,
				F8227B552DC79ACC00C8EB21 /* BaseBackgroundView.swift in Sources */,
				F8227B202DC76F9F00C8EB21 /* SaleWarApp.swift in Sources */,
				F83844732DC8F83E0089F869 /* BaseView.swift in Sources */,
				F36E47E42DE5BE9B0033285C /* FavoriteProduct.swift in Sources */,
				F8227B502DC794E200C8EB21 /* SevenElevenView.swift in Sources */,
				F8D4CE872DF2FB93001DB1DE /* FavoriteProductList.swift in Sources */,
				F81B6C6C2DC934AE00D88C13 /* Product.swift in Sources */,
			);
			runOnlyForDeploymentPostprocessing = 0;
		};
		F8227B282DC76FA000C8EB21 /* Sources */ = {
			isa = PBXSourcesBuildPhase;
			buildActionMask = 2147483647;
			files = (
				F8227B312DC76FA000C8EB21 /* SaleWarTests.swift in Sources */,
			);
			runOnlyForDeploymentPostprocessing = 0;
		};
		F8227B322DC76FA000C8EB21 /* Sources */ = {
			isa = PBXSourcesBuildPhase;
			buildActionMask = 2147483647;
			files = (
				F8227B3D2DC76FA000C8EB21 /* SaleWarUITestsLaunchTests.swift in Sources */,
				F8227B3B2DC76FA000C8EB21 /* SaleWarUITests.swift in Sources */,
			);
			runOnlyForDeploymentPostprocessing = 0;
		};
/* End PBXSourcesBuildPhase section */

/* Begin PBXTargetDependency section */
		F8227B2E2DC76FA000C8EB21 /* PBXTargetDependency */ = {
			isa = PBXTargetDependency;
			target = F8227B1B2DC76F9E00C8EB21 /* SaleWar */;
			targetProxy = F8227B2D2DC76FA000C8EB21 /* PBXContainerItemProxy */;
		};
		F8227B382DC76FA000C8EB21 /* PBXTargetDependency */ = {
			isa = PBXTargetDependency;
			target = F8227B1B2DC76F9E00C8EB21 /* SaleWar */;
			targetProxy = F8227B372DC76FA000C8EB21 /* PBXContainerItemProxy */;
		};
/* End PBXTargetDependency section */

/* Begin XCBuildConfiguration section */
		F8227B3E2DC76FA000C8EB21 /* Debug */ = {
			isa = XCBuildConfiguration;
			buildSettings = {
				ALWAYS_SEARCH_USER_PATHS = NO;
				ASSETCATALOG_COMPILER_GENERATE_SWIFT_ASSET_SYMBOL_EXTENSIONS = YES;
				CLANG_ANALYZER_NONNULL = YES;
				CLANG_ANALYZER_NUMBER_OBJECT_CONVERSION = YES_AGGRESSIVE;
				CLANG_CXX_LANGUAGE_STANDARD = "gnu++20";
				CLANG_ENABLE_MODULES = YES;
				CLANG_ENABLE_OBJC_ARC = YES;
				CLANG_ENABLE_OBJC_WEAK = YES;
				CLANG_WARN_BLOCK_CAPTURE_AUTORELEASING = YES;
				CLANG_WARN_BOOL_CONVERSION = YES;
				CLANG_WARN_COMMA = YES;
				CLANG_WARN_CONSTANT_CONVERSION = YES;
				CLANG_WARN_DEPRECATED_OBJC_IMPLEMENTATIONS = YES;
				CLANG_WARN_DIRECT_OBJC_ISA_USAGE = YES_ERROR;
				CLANG_WARN_DOCUMENTATION_COMMENTS = YES;
				CLANG_WARN_EMPTY_BODY = YES;
				CLANG_WARN_ENUM_CONVERSION = YES;
				CLANG_WARN_INFINITE_RECURSION = YES;
				CLANG_WARN_INT_CONVERSION = YES;
				CLANG_WARN_NON_LITERAL_NULL_CONVERSION = YES;
				CLANG_WARN_OBJC_IMPLICIT_RETAIN_SELF = YES;
				CLANG_WARN_OBJC_LITERAL_CONVERSION = YES;
				CLANG_WARN_OBJC_ROOT_CLASS = YES_ERROR;
				CLANG_WARN_QUOTED_INCLUDE_IN_FRAMEWORK_HEADER = YES;
				CLANG_WARN_RANGE_LOOP_ANALYSIS = YES;
				CLANG_WARN_STRICT_PROTOTYPES = YES;
				CLANG_WARN_SUSPICIOUS_MOVE = YES;
				CLANG_WARN_UNGUARDED_AVAILABILITY = YES_AGGRESSIVE;
				CLANG_WARN_UNREACHABLE_CODE = YES;
				CLANG_WARN__DUPLICATE_METHOD_MATCH = YES;
				COPY_PHASE_STRIP = NO;
				DEBUG_INFORMATION_FORMAT = dwarf;
				ENABLE_STRICT_OBJC_MSGSEND = YES;
				ENABLE_TESTABILITY = YES;
				ENABLE_USER_SCRIPT_SANDBOXING = YES;
				GCC_C_LANGUAGE_STANDARD = gnu17;
				GCC_DYNAMIC_NO_PIC = NO;
				GCC_NO_COMMON_BLOCKS = YES;
				GCC_OPTIMIZATION_LEVEL = 0;
				GCC_PREPROCESSOR_DEFINITIONS = (
					"DEBUG=1",
					"$(inherited)",
				);
				GCC_WARN_64_TO_32_BIT_CONVERSION = YES;
				GCC_WARN_ABOUT_RETURN_TYPE = YES_ERROR;
				GCC_WARN_UNDECLARED_SELECTOR = YES;
				GCC_WARN_UNINITIALIZED_AUTOS = YES_AGGRESSIVE;
				GCC_WARN_UNUSED_FUNCTION = YES;
				GCC_WARN_UNUSED_VARIABLE = YES;
				IPHONEOS_DEPLOYMENT_TARGET = 16.0;
				LOCALIZATION_PREFERS_STRING_CATALOGS = YES;
				MTL_ENABLE_DEBUG_INFO = INCLUDE_SOURCE;
				MTL_FAST_MATH = YES;
				ONLY_ACTIVE_ARCH = YES;
				SDKROOT = iphoneos;
				SWIFT_ACTIVE_COMPILATION_CONDITIONS = "DEBUG $(inherited)";
				SWIFT_OPTIMIZATION_LEVEL = "-Onone";
			};
			name = Debug;
		};
		F8227B3F2DC76FA000C8EB21 /* Release */ = {
			isa = XCBuildConfiguration;
			buildSettings = {
				ALWAYS_SEARCH_USER_PATHS = NO;
				ASSETCATALOG_COMPILER_GENERATE_SWIFT_ASSET_SYMBOL_EXTENSIONS = YES;
				CLANG_ANALYZER_NONNULL = YES;
				CLANG_ANALYZER_NUMBER_OBJECT_CONVERSION = YES_AGGRESSIVE;
				CLANG_CXX_LANGUAGE_STANDARD = "gnu++20";
				CLANG_ENABLE_MODULES = YES;
				CLANG_ENABLE_OBJC_ARC = YES;
				CLANG_ENABLE_OBJC_WEAK = YES;
				CLANG_WARN_BLOCK_CAPTURE_AUTORELEASING = YES;
				CLANG_WARN_BOOL_CONVERSION = YES;
				CLANG_WARN_COMMA = YES;
				CLANG_WARN_CONSTANT_CONVERSION = YES;
				CLANG_WARN_DEPRECATED_OBJC_IMPLEMENTATIONS = YES;
				CLANG_WARN_DIRECT_OBJC_ISA_USAGE = YES_ERROR;
				CLANG_WARN_DOCUMENTATION_COMMENTS = YES;
				CLANG_WARN_EMPTY_BODY = YES;
				CLANG_WARN_ENUM_CONVERSION = YES;
				CLANG_WARN_INFINITE_RECURSION = YES;
				CLANG_WARN_INT_CONVERSION = YES;
				CLANG_WARN_NON_LITERAL_NULL_CONVERSION = YES;
				CLANG_WARN_OBJC_IMPLICIT_RETAIN_SELF = YES;
				CLANG_WARN_OBJC_LITERAL_CONVERSION = YES;
				CLANG_WARN_OBJC_ROOT_CLASS = YES_ERROR;
				CLANG_WARN_QUOTED_INCLUDE_IN_FRAMEWORK_HEADER = YES;
				CLANG_WARN_RANGE_LOOP_ANALYSIS = YES;
				CLANG_WARN_STRICT_PROTOTYPES = YES;
				CLANG_WARN_SUSPICIOUS_MOVE = YES;
				CLANG_WARN_UNGUARDED_AVAILABILITY = YES_AGGRESSIVE;
				CLANG_WARN_UNREACHABLE_CODE = YES;
				CLANG_WARN__DUPLICATE_METHOD_MATCH = YES;
				COPY_PHASE_STRIP = NO;
				DEBUG_INFORMATION_FORMAT = "dwarf-with-dsym";
				ENABLE_NS_ASSERTIONS = NO;
				ENABLE_STRICT_OBJC_MSGSEND = YES;
				ENABLE_USER_SCRIPT_SANDBOXING = YES;
				GCC_C_LANGUAGE_STANDARD = gnu17;
				GCC_NO_COMMON_BLOCKS = YES;
				GCC_WARN_64_TO_32_BIT_CONVERSION = YES;
				GCC_WARN_ABOUT_RETURN_TYPE = YES_ERROR;
				GCC_WARN_UNDECLARED_SELECTOR = YES;
				GCC_WARN_UNINITIALIZED_AUTOS = YES_AGGRESSIVE;
				GCC_WARN_UNUSED_FUNCTION = YES;
				GCC_WARN_UNUSED_VARIABLE = YES;
				IPHONEOS_DEPLOYMENT_TARGET = 16.0;
				LOCALIZATION_PREFERS_STRING_CATALOGS = YES;
				MTL_ENABLE_DEBUG_INFO = NO;
				MTL_FAST_MATH = YES;
				SDKROOT = iphoneos;
				SWIFT_COMPILATION_MODE = wholemodule;
				VALIDATE_PRODUCT = YES;
			};
			name = Release;
		};
		F8227B412DC76FA000C8EB21 /* Debug */ = {
			isa = XCBuildConfiguration;
			buildSettings = {
				ASSETCATALOG_COMPILER_APPICON_NAME = AppIcon;
				ASSETCATALOG_COMPILER_GLOBAL_ACCENT_COLOR_NAME = AccentColor;
				CODE_SIGN_STYLE = Automatic;
				CURRENT_PROJECT_VERSION = 1;
				DEVELOPMENT_ASSET_PATHS = "\"SaleWar/Preview Content\"";
				DEVELOPMENT_TEAM = 2KUAP497LD;
				ENABLE_PREVIEWS = YES;
				GENERATE_INFOPLIST_FILE = YES;
				INFOPLIST_FILE = SaleWar/Info.plist;
				INFOPLIST_KEY_CFBundleDisplayName = "세일전쟁";
				INFOPLIST_KEY_UIApplicationSceneManifest_Generation = YES;
				INFOPLIST_KEY_UIApplicationSupportsIndirectInputEvents = YES;
				INFOPLIST_KEY_UILaunchScreen_Generation = YES;
				INFOPLIST_KEY_UILaunchStoryboardName = LaunchScreen.storyboard;
				INFOPLIST_KEY_UISupportedInterfaceOrientations_iPad = "UIInterfaceOrientationPortrait UIInterfaceOrientationPortraitUpsideDown UIInterfaceOrientationLandscapeLeft UIInterfaceOrientationLandscapeRight";
				INFOPLIST_KEY_UISupportedInterfaceOrientations_iPhone = "UIInterfaceOrientationPortrait UIInterfaceOrientationLandscapeLeft UIInterfaceOrientationLandscapeRight";
				IPHONEOS_DEPLOYMENT_TARGET = 16.0;
				LD_RUNPATH_SEARCH_PATHS = (
					"$(inherited)",
					"@executable_path/Frameworks",
				);
				MARKETING_VERSION = 1.0;
				PRODUCT_BUNDLE_IDENTIFIER = io.github.antwhale.SaleWar;
				PRODUCT_NAME = "$(TARGET_NAME)";
				SWIFT_EMIT_LOC_STRINGS = YES;
				SWIFT_VERSION = 5.0;
				TARGETED_DEVICE_FAMILY = "1,2";
			};
			name = Debug;
		};
		F8227B422DC76FA000C8EB21 /* Release */ = {
			isa = XCBuildConfiguration;
			buildSettings = {
				ASSETCATALOG_COMPILER_APPICON_NAME = AppIcon;
				ASSETCATALOG_COMPILER_GLOBAL_ACCENT_COLOR_NAME = AccentColor;
				CODE_SIGN_STYLE = Automatic;
				CURRENT_PROJECT_VERSION = 1;
				DEVELOPMENT_ASSET_PATHS = "\"SaleWar/Preview Content\"";
				DEVELOPMENT_TEAM = 2KUAP497LD;
				ENABLE_PREVIEWS = YES;
				GENERATE_INFOPLIST_FILE = YES;
				INFOPLIST_FILE = SaleWar/Info.plist;
				INFOPLIST_KEY_CFBundleDisplayName = "세일전쟁";
				INFOPLIST_KEY_UIApplicationSceneManifest_Generation = YES;
				INFOPLIST_KEY_UIApplicationSupportsIndirectInputEvents = YES;
				INFOPLIST_KEY_UILaunchScreen_Generation = YES;
				INFOPLIST_KEY_UILaunchStoryboardName = LaunchScreen.storyboard;
				INFOPLIST_KEY_UISupportedInterfaceOrientations_iPad = "UIInterfaceOrientationPortrait UIInterfaceOrientationPortraitUpsideDown UIInterfaceOrientationLandscapeLeft UIInterfaceOrientationLandscapeRight";
				INFOPLIST_KEY_UISupportedInterfaceOrientations_iPhone = "UIInterfaceOrientationPortrait UIInterfaceOrientationLandscapeLeft UIInterfaceOrientationLandscapeRight";
				IPHONEOS_DEPLOYMENT_TARGET = 16.0;
				LD_RUNPATH_SEARCH_PATHS = (
					"$(inherited)",
					"@executable_path/Frameworks",
				);
				MARKETING_VERSION = 1.0;
				PRODUCT_BUNDLE_IDENTIFIER = io.github.antwhale.SaleWar;
				PRODUCT_NAME = "$(TARGET_NAME)";
				SWIFT_EMIT_LOC_STRINGS = YES;
				SWIFT_VERSION = 5.0;
				TARGETED_DEVICE_FAMILY = "1,2";
			};
			name = Release;
		};
		F8227B442DC76FA000C8EB21 /* Debug */ = {
			isa = XCBuildConfiguration;
			buildSettings = {
				ALWAYS_EMBED_SWIFT_STANDARD_LIBRARIES = YES;
				BUNDLE_LOADER = "$(TEST_HOST)";
				CODE_SIGN_STYLE = Automatic;
				CURRENT_PROJECT_VERSION = 1;
				DEVELOPMENT_TEAM = 2KUAP497LD;
				GENERATE_INFOPLIST_FILE = YES;
				IPHONEOS_DEPLOYMENT_TARGET = 17.0;
				MARKETING_VERSION = 1.0;
				PRODUCT_BUNDLE_IDENTIFIER = io.github.antwhale.SaleWarTests;
				PRODUCT_NAME = "$(TARGET_NAME)";
				SWIFT_EMIT_LOC_STRINGS = NO;
				SWIFT_VERSION = 5.0;
				TARGETED_DEVICE_FAMILY = "1,2";
				TEST_HOST = "$(BUILT_PRODUCTS_DIR)/SaleWar.app/$(BUNDLE_EXECUTABLE_FOLDER_PATH)/SaleWar";
			};
			name = Debug;
		};
		F8227B452DC76FA000C8EB21 /* Release */ = {
			isa = XCBuildConfiguration;
			buildSettings = {
				ALWAYS_EMBED_SWIFT_STANDARD_LIBRARIES = YES;
				BUNDLE_LOADER = "$(TEST_HOST)";
				CODE_SIGN_STYLE = Automatic;
				CURRENT_PROJECT_VERSION = 1;
				DEVELOPMENT_TEAM = 2KUAP497LD;
				GENERATE_INFOPLIST_FILE = YES;
				IPHONEOS_DEPLOYMENT_TARGET = 17.0;
				MARKETING_VERSION = 1.0;
				PRODUCT_BUNDLE_IDENTIFIER = io.github.antwhale.SaleWarTests;
				PRODUCT_NAME = "$(TARGET_NAME)";
				SWIFT_EMIT_LOC_STRINGS = NO;
				SWIFT_VERSION = 5.0;
				TARGETED_DEVICE_FAMILY = "1,2";
				TEST_HOST = "$(BUILT_PRODUCTS_DIR)/SaleWar.app/$(BUNDLE_EXECUTABLE_FOLDER_PATH)/SaleWar";
			};
			name = Release;
		};
		F8227B472DC76FA000C8EB21 /* Debug */ = {
			isa = XCBuildConfiguration;
			buildSettings = {
				ALWAYS_EMBED_SWIFT_STANDARD_LIBRARIES = YES;
				CODE_SIGN_STYLE = Automatic;
				CURRENT_PROJECT_VERSION = 1;
				DEVELOPMENT_TEAM = 2KUAP497LD;
				GENERATE_INFOPLIST_FILE = YES;
				MARKETING_VERSION = 1.0;
				PRODUCT_BUNDLE_IDENTIFIER = io.github.antwhale.SaleWarUITests;
				PRODUCT_NAME = "$(TARGET_NAME)";
				SWIFT_EMIT_LOC_STRINGS = NO;
				SWIFT_VERSION = 5.0;
				TARGETED_DEVICE_FAMILY = "1,2";
				TEST_TARGET_NAME = SaleWar;
			};
			name = Debug;
		};
		F8227B482DC76FA000C8EB21 /* Release */ = {
			isa = XCBuildConfiguration;
			buildSettings = {
				ALWAYS_EMBED_SWIFT_STANDARD_LIBRARIES = YES;
				CODE_SIGN_STYLE = Automatic;
				CURRENT_PROJECT_VERSION = 1;
				DEVELOPMENT_TEAM = 2KUAP497LD;
				GENERATE_INFOPLIST_FILE = YES;
				MARKETING_VERSION = 1.0;
				PRODUCT_BUNDLE_IDENTIFIER = io.github.antwhale.SaleWarUITests;
				PRODUCT_NAME = "$(TARGET_NAME)";
				SWIFT_EMIT_LOC_STRINGS = NO;
				SWIFT_VERSION = 5.0;
				TARGETED_DEVICE_FAMILY = "1,2";
				TEST_TARGET_NAME = SaleWar;
			};
			name = Release;
		};
/* End XCBuildConfiguration section */

/* Begin XCConfigurationList section */
		F8227B172DC76F9E00C8EB21 /* Build configuration list for PBXProject "SaleWar" */ = {
			isa = XCConfigurationList;
			buildConfigurations = (
				F8227B3E2DC76FA000C8EB21 /* Debug */,
				F8227B3F2DC76FA000C8EB21 /* Release */,
			);
			defaultConfigurationIsVisible = 0;
			defaultConfigurationName = Release;
		};
		F8227B402DC76FA000C8EB21 /* Build configuration list for PBXNativeTarget "SaleWar" */ = {
			isa = XCConfigurationList;
			buildConfigurations = (
				F8227B412DC76FA000C8EB21 /* Debug */,
				F8227B422DC76FA000C8EB21 /* Release */,
			);
			defaultConfigurationIsVisible = 0;
			defaultConfigurationName = Release;
		};
		F8227B432DC76FA000C8EB21 /* Build configuration list for PBXNativeTarget "SaleWarTests" */ = {
			isa = XCConfigurationList;
			buildConfigurations = (
				F8227B442DC76FA000C8EB21 /* Debug */,
				F8227B452DC76FA000C8EB21 /* Release */,
			);
			defaultConfigurationIsVisible = 0;
			defaultConfigurationName = Release;
		};
		F8227B462DC76FA000C8EB21 /* Build configuration list for PBXNativeTarget "SaleWarUITests" */ = {
			isa = XCConfigurationList;
			buildConfigurations = (
				F8227B472DC76FA000C8EB21 /* Debug */,
				F8227B482DC76FA000C8EB21 /* Release */,
			);
			defaultConfigurationIsVisible = 0;
			defaultConfigurationName = Release;
		};
/* End XCConfigurationList section */

/* Begin XCRemoteSwiftPackageReference section */
		F87A41F72DCA26DE00EE0FAE /* XCRemoteSwiftPackageReference "realm-swift" */ = {
			isa = XCRemoteSwiftPackageReference;
			repositoryURL = "https://github.com/realm/realm-swift";
			requirement = {
				kind = exactVersion;
				version = 10.52.0;
			};
		};
/* End XCRemoteSwiftPackageReference section */

/* Begin XCSwiftPackageProductDependency section */
		F87A41FB2DCA26E800EE0FAE /* RealmSwift */ = {
			isa = XCSwiftPackageProductDependency;
			package = F87A41F72DCA26DE00EE0FAE /* XCRemoteSwiftPackageReference "realm-swift" */;
			productName = RealmSwift;
		};
/* End XCSwiftPackageProductDependency section */
	};
	rootObject = F8227B142DC76F9E00C8EB21 /* Project object */;
}
